// !$*UTF8*$!
{
	archiveVersion = 1;
	classes = {
	};
	objectVersion = 46;
	objects = {

/* Begin PBXBuildFile section */
		04FEBA2E1ECEC16600ADB725 /* AppDelegate.swift in Sources */ = {isa = PBXBuildFile; fileRef = 04FEBA2D1ECEC16600ADB725 /* AppDelegate.swift */; };
		04FEBA301ECEC16600ADB725 /* GameScene.sks in Resources */ = {isa = PBXBuildFile; fileRef = 04FEBA2F1ECEC16600ADB725 /* GameScene.sks */; };
		04FEBA321ECEC16700ADB725 /* Actions.sks in Resources */ = {isa = PBXBuildFile; fileRef = 04FEBA311ECEC16700ADB725 /* Actions.sks */; };
		04FEBA341ECEC16700ADB725 /* GameScene.swift in Sources */ = {isa = PBXBuildFile; fileRef = 04FEBA331ECEC16700ADB725 /* GameScene.swift */; };
		04FEBA361ECEC16700ADB725 /* GameViewController.swift in Sources */ = {isa = PBXBuildFile; fileRef = 04FEBA351ECEC16700ADB725 /* GameViewController.swift */; };
		04FEBA391ECEC16700ADB725 /* Main.storyboard in Resources */ = {isa = PBXBuildFile; fileRef = 04FEBA371ECEC16700ADB725 /* Main.storyboard */; };
		04FEBA3B1ECEC16700ADB725 /* Assets.xcassets in Resources */ = {isa = PBXBuildFile; fileRef = 04FEBA3A1ECEC16700ADB725 /* Assets.xcassets */; };
		04FEBA3E1ECEC16700ADB725 /* LaunchScreen.storyboard in Resources */ = {isa = PBXBuildFile; fileRef = 04FEBA3C1ECEC16700ADB725 /* LaunchScreen.storyboard */; };
/* End PBXBuildFile section */

/* Begin PBXFileReference section */
		04FEBA2A1ECEC16600ADB725 /* TestGame.app */ = {isa = PBXFileReference; explicitFileType = wrapper.application; includeInIndex = 0; path = TestGame.app; sourceTree = BUILT_PRODUCTS_DIR; };
		04FEBA2D1ECEC16600ADB725 /* AppDelegate.swift */ = {isa = PBXFileReference; lastKnownFileType = sourcecode.swift; path = AppDelegate.swift; sourceTree = "<group>"; };
		04FEBA2F1ECEC16600ADB725 /* GameScene.sks */ = {isa = PBXFileReference; lastKnownFileType = file.sks; path = GameScene.sks; sourceTree = "<group>"; };
		04FEBA311ECEC16700ADB725 /* Actions.sks */ = {isa = PBXFileReference; lastKnownFileType = file.sks; path = Actions.sks; sourceTree = "<group>"; };
		04FEBA331ECEC16700ADB725 /* GameScene.swift */ = {isa = PBXFileReference; lastKnownFileType = sourcecode.swift; path = GameScene.swift; sourceTree = "<group>"; };
		04FEBA351ECEC16700ADB725 /* GameViewController.swift */ = {isa = PBXFileReference; lastKnownFileType = sourcecode.swift; path = GameViewController.swift; sourceTree = "<group>"; };
		04FEBA381ECEC16700ADB725 /* Base */ = {isa = PBXFileReference; lastKnownFileType = file.storyboard; name = Base; path = Base.lproj/Main.storyboard; sourceTree = "<group>"; };
		04FEBA3A1ECEC16700ADB725 /* Assets.xcassets */ = {isa = PBXFileReference; lastKnownFileType = folder.assetcatalog; path = Assets.xcassets; sourceTree = "<group>"; };
		04FEBA3D1ECEC16700ADB725 /* Base */ = {isa = PBXFileReference; lastKnownFileType = file.storyboard; name = Base; path = Base.lproj/LaunchScreen.storyboard; sourceTree = "<group>"; };
		04FEBA3F1ECEC16700ADB725 /* Info.plist */ = {isa = PBXFileReference; lastKnownFileType = text.plist.xml; path = Info.plist; sourceTree = "<group>"; };
/* End PBXFileReference section */

/* Begin PBXFrameworksBuildPhase section */
		04FEBA271ECEC16600ADB725 /* Frameworks */ = {
			isa = PBXFrameworksBuildPhase;
			buildActionMask = 2147483647;
			files = (
			);
			runOnlyForDeploymentPostprocessing = 0;
		};
/* End PBXFrameworksBuildPhase section */

/* Begin PBXGroup section */
		04FEBA211ECEC16600ADB725 = {
			isa = PBXGroup;
			children = (
				04FEBA2C1ECEC16600ADB725 /* TestGame */,
				04FEBA2B1ECEC16600ADB725 /* Products */,
			);
			sourceTree = "<group>";
		};
		04FEBA2B1ECEC16600ADB725 /* Products */ = {
			isa = PBXGroup;
			children = (
				04FEBA2A1ECEC16600ADB725 /* TestGame.app */,
			);
			name = Products;
			sourceTree = "<group>";
		};
		04FEBA2C1ECEC16600ADB725 /* TestGame */ = {
			isa = PBXGroup;
			children = (
				04FEBA2D1ECEC16600ADB725 /* AppDelegate.swift */,
				04FEBA2F1ECEC16600ADB725 /* GameScene.sks */,
				04FEBA311ECEC16700ADB725 /* Actions.sks */,
				04FEBA331ECEC16700ADB725 /* GameScene.swift */,
				04FEBA351ECEC16700ADB725 /* GameViewController.swift */,
				04FEBA371ECEC16700ADB725 /* Main.storyboard */,
				04FEBA3A1ECEC16700ADB725 /* Assets.xcassets */,
				04FEBA3C1ECEC16700ADB725 /* LaunchScreen.storyboard */,
				04FEBA3F1ECEC16700ADB725 /* Info.plist */,
			);
			path = TestGame;
			sourceTree = "<group>";
		};
/* End PBXGroup section */

/* Begin PBXNativeTarget section */
		04FEBA291ECEC16600ADB725 /* TestGame */ = {
			isa = PBXNativeTarget;
			buildConfigurationList = 04FEBA421ECEC16700ADB725 /* Build configuration list for PBXNativeTarget "TestGame" */;
			buildPhases = (
				04FEBA261ECEC16600ADB725 /* Sources */,
				04FEBA271ECEC16600ADB725 /* Frameworks */,
				04FEBA281ECEC16600ADB725 /* Resources */,
			);
			buildRules = (
			);
			dependencies = (
			);
			name = TestGame;
			productName = TestGame;
			productReference = 04FEBA2A1ECEC16600ADB725 /* TestGame.app */;
			productType = "com.apple.product-type.application";
		};
/* End PBXNativeTarget section */

/* Begin PBXProject section */
		04FEBA221ECEC16600ADB725 /* Project object */ = {
			isa = PBXProject;
			attributes = {
				LastSwiftUpdateCheck = 0830;
				LastUpgradeCheck = 0830;
				ORGANIZATIONNAME = changname;
				TargetAttributes = {
					04FEBA291ECEC16600ADB725 = {
						CreatedOnToolsVersion = 8.3.2;
						ProvisioningStyle = Automatic;
					};
				};
			};
			buildConfigurationList = 04FEBA251ECEC16600ADB725 /* Build configuration list for PBXProject "TestGame" */;
			compatibilityVersion = "Xcode 3.2";
			developmentRegion = English;
			hasScannedForEncodings = 0;
			knownRegions = (
				en,
				Base,
			);
			mainGroup = 04FEBA211ECEC16600ADB725;
			productRefGroup = 04FEBA2B1ECEC16600ADB725 /* Products */;
			projectDirPath = "";
			projectRoot = "";
			targets = (
				04FEBA291ECEC16600ADB725 /* TestGame */,
			);
		};
/* End PBXProject section */

/* Begin PBXResourcesBuildPhase section */
		04FEBA281ECEC16600ADB725 /* Resources */ = {
			isa = PBXResourcesBuildPhase;
			buildActionMask = 2147483647;
			files = (
				04FEBA391ECEC16700ADB725 /* Main.storyboard in Resources */,
				04FEBA301ECEC16600ADB725 /* GameScene.sks in Resources */,
				04FEBA3B1ECEC16700ADB725 /* Assets.xcassets in Resources */,
				04FEBA3E1ECEC16700ADB725 /* LaunchScreen.storyboard in Resources */,
				04FEBA321ECEC16700ADB725 /* Actions.sks in Resources */,
			);
			runOnlyForDeploymentPostprocessing = 0;
		};
/* End PBXResourcesBuildPhase section */

/* Begin PBXSourcesBuildPhase section */
		04FEBA261ECEC16600ADB725 /* Sources */ = {
			isa = PBXSourcesBuildPhase;
			buildActionMask = 2147483647;
			files = (
				04FEBA341ECEC16700ADB725 /* GameScene.swift in Sources */,
				04FEBA361ECEC16700ADB725 /* GameViewController.swift in Sources */,
				04FEBA2E1ECEC16600ADB725 /* AppDelegate.swift in Sources */,
			);
			runOnlyForDeploymentPostprocessing = 0;
		};
/* End PBXSourcesBuildPhase section */

/* Begin PBXVariantGroup section */
		04FEBA371ECEC16700ADB725 /* Main.storyboard */ = {
			isa = PBXVariantGroup;
			children = (
				04FEBA381ECEC16700ADB725 /* Base */,
			);
			name = Main.storyboard;
			sourceTree = "<group>";
		};
		04FEBA3C1ECEC16700ADB725 /* LaunchScreen.storyboard */ = {
			isa = PBXVariantGroup;
			children = (
				04FEBA3D1ECEC16700ADB725 /* Base */,
			);
			name = LaunchScreen.storyboard;
			sourceTree = "<group>";
		};
/* End PBXVariantGroup section */

/* Begin XCBuildConfiguration section */
		04FEBA401ECEC16700ADB725 /* Debug */ = {
			isa = XCBuildConfiguration;
			buildSettings = {
				ALWAYS_SEARCH_USER_PATHS = NO;
				CLANG_ANALYZER_NONNULL = YES;
				CLANG_ANALYZER_NUMBER_OBJECT_CONVERSION = YES_AGGRESSIVE;
				CLANG_CXX_LANGUAGE_STANDARD = "gnu++0x";
				CLANG_CXX_LIBRARY = "libc++";
				CLANG_ENABLE_MODULES = YES;
				CLANG_ENABLE_OBJC_ARC = YES;
				CLANG_WARN_BOOL_CONVERSION = YES;
				CLANG_WARN_CONSTANT_CONVERSION = YES;
				CLANG_WARN_DIRECT_OBJC_ISA_USAGE = YES_ERROR;
				CLANG_WARN_DOCUMENTATION_COMMENTS = YES;
				CLANG_WARN_EMPTY_BODY = YES;
				CLANG_WARN_ENUM_CONVERSION = YES;
				CLANG_WARN_INFINITE_RECURSION = YES;
				CLANG_WARN_INT_CONVERSION = YES;
				CLANG_WARN_OBJC_ROOT_CLASS = YES_ERROR;
				CLANG_WARN_SUSPICIOUS_MOVE = YES;
				CLANG_WARN_UNREACHABLE_CODE = YES;
				CLANG_WARN__DUPLICATE_METHOD_MATCH = YES;
				"CODE_SIGN_IDENTITY[sdk=iphoneos*]" = "iPhone Developer";
				COPY_PHASE_STRIP = NO;
				DEBUG_INFORMATION_FORMAT = dwarf;
				ENABLE_STRICT_OBJC_MSGSEND = YES;
				ENABLE_TESTABILITY = YES;
				GCC_C_LANGUAGE_STANDARD = gnu99;
				GCC_DYNAMIC_NO_PIC = NO;
				GCC_NO_COMMON_BLOCKS = YES;
				GCC_OPTIMIZATION_LEVEL = 0;
				GCC_PREPROCESSOR_DEFINITIONS = (
					"DEBUG=1",
					"$(inherited)",
				);
				GCC_WARN_64_TO_32_BIT_CONVERSION = YES;
				GCC_WARN_ABOUT_RETURN_TYPE = YES_ERROR;
				GCC_WARN_UNDECLARED_SELECTOR = YES;
				GCC_WARN_UNINITIALIZED_AUTOS = YES_AGGRESSIVE;
				GCC_WARN_UNUSED_FUNCTION = YES;
				GCC_WARN_UNUSED_VARIABLE = YES;
				IPHONEOS_DEPLOYMENT_TARGET = 10.3;
				MTL_ENABLE_DEBUG_INFO = YES;
				ONLY_ACTIVE_ARCH = YES;
				SDKROOT = iphoneos;
				SWIFT_ACTIVE_COMPILATION_CONDITIONS = DEBUG;
				SWIFT_OPTIMIZATION_LEVEL = "-Onone";
				TARGETED_DEVICE_FAMILY = "1,2";
			};
			name = Debug;
		};
		04FEBA411ECEC16700ADB725 /* Release */ = {
			isa = XCBuildConfiguration;
			buildSettings = {
				ALWAYS_SEARCH_USER_PATHS = NO;
				CLANG_ANALYZER_NONNULL = YES;
				CLANG_ANALYZER_NUMBER_OBJECT_CONVERSION = YES_AGGRESSIVE;
				CLANG_CXX_LANGUAGE_STANDARD = "gnu++0x";
				CLANG_CXX_LIBRARY = "libc++";
				CLANG_ENABLE_MODULES = YES;
				CLANG_ENABLE_OBJC_ARC = YES;
				CLANG_WARN_BOOL_CONVERSION = YES;
				CLANG_WARN_CONSTANT_CONVERSION = YES;
				CLANG_WARN_DIRECT_OBJC_ISA_USAGE = YES_ERROR;
				CLANG_WARN_DOCUMENTATION_COMMENTS = YES;
				CLANG_WARN_EMPTY_BODY = YES;
				CLANG_WARN_ENUM_CONVERSION = YES;
				CLANG_WARN_INFINITE_RECURSION = YES;
				CLANG_WARN_INT_CONVERSION = YES;
				CLANG_WARN_OBJC_ROOT_CLASS = YES_ERROR;
				CLANG_WARN_SUSPICIOUS_MOVE = YES;
				CLANG_WARN_UNREACHABLE_CODE = YES;
				CLANG_WARN__DUPLICATE_METHOD_MATCH = YES;
				"CODE_SIGN_IDENTITY[sdk=iphoneos*]" = "iPhone Developer";
				COPY_PHASE_STRIP = NO;
				DEBUG_INFORMATION_FORMAT = "dwarf-with-dsym";
				ENABLE_NS_ASSERTIONS = NO;
				ENABLE_STRICT_OBJC_MSGSEND = YES;
				GCC_C_LANGUAGE_STANDARD = gnu99;
				GCC_NO_COMMON_BLOCKS = YES;
				GCC_WARN_64_TO_32_BIT_CONVERSION = YES;
				GCC_WARN_ABOUT_RETURN_TYPE = YES_ERROR;
				GCC_WARN_UNDECLARED_SELECTOR = YES;
				GCC_WARN_UNINITIALIZED_AUTOS = YES_AGGRESSIVE;
				GCC_WARN_UNUSED_FUNCTION = YES;
				GCC_WARN_UNUSED_VARIABLE = YES;
				IPHONEOS_DEPLOYMENT_TARGET = 10.3;
				MTL_ENABLE_DEBUG_INFO = NO;
				SDKROOT = iphoneos;
				SWIFT_OPTIMIZATION_LEVEL = "-Owholemodule";
				TARGETED_DEVICE_FAMILY = "1,2";
				VALIDATE_PRODUCT = YES;
			};
			name = Release;
		};
		04FEBA431ECEC16700ADB725 /* Debug */ = {
			isa = XCBuildConfiguration;
			buildSettings = {
				ASSETCATALOG_COMPILER_APPICON_NAME = AppIcon;
				INFOPLIST_FILE = TestGame/Info.plist;
				LD_RUNPATH_SEARCH_PATHS = "$(inherited) @executable_path/Frameworks";
				PRODUCT_BUNDLE_IDENTIFIER = chang.TestGame;
				PRODUCT_NAME = "$(TARGET_NAME)";
				SWIFT_VERSION = 3.0;
			};
			name = Debug;
		};
		04FEBA441ECEC16700ADB725 /* Release */ = {
			isa = XCBuildConfiguration;
			buildSettings = {
				ASSETCATALOG_COMPILER_APPICON_NAME = AppIcon;
				INFOPLIST_FILE = TestGame/Info.plist;
				LD_RUNPATH_SEARCH_PATHS = "$(inherited) @executable_path/Frameworks";
				PRODUCT_BUNDLE_IDENTIFIER = chang.TestGame;
				PRODUCT_NAME = "$(TARGET_NAME)";
				SWIFT_VERSION = 3.0;
			};
			name = Release;
		};
/* End XCBuildConfiguration section */

/* Begin XCConfigurationList section */
		04FEBA251ECEC16600ADB725 /* Build configuration list for PBXProject "TestGame" */ = {
			isa = XCConfigurationList;
			buildConfigurations = (
				04FEBA401ECEC16700ADB725 /* Debug */,
				04FEBA411ECEC16700ADB725 /* Release */,
			);
			defaultConfigurationIsVisible = 0;
			defaultConfigurationName = Release;
		};
		04FEBA421ECEC16700ADB725 /* Build configuration list for PBXNativeTarget "TestGame" */ = {
			isa = XCConfigurationList;
			buildConfigurations = (
				04FEBA431ECEC16700ADB725 /* Debug */,
				04FEBA441ECEC16700ADB725 /* Release */,
			);
			defaultConfigurationIsVisible = 0;
		};
/* End XCConfigurationList section */
	};
	rootObject = 04FEBA221ECEC16600ADB725 /* Project object */;
}
