// !$*UTF8*$!
{
	archiveVersion = 1;
	classes = {
	};
	objectVersion = 46;
	objects = {

/* Begin PBXBuildFile section */
		04EA3BA91EE6584E00CB0707 /* AppDelegate.swift in Sources */ = {isa = PBXBuildFile; fileRef = 04EA3BA81EE6584E00CB0707 /* AppDelegate.swift */; };
		04EA3BAB1EE6584E00CB0707 /* ViewController.swift in Sources */ = {isa = PBXBuildFile; fileRef = 04EA3BAA1EE6584E00CB0707 /* ViewController.swift */; };
		04EA3BAE1EE6584E00CB0707 /* Main.storyboard in Resources */ = {isa = PBXBuildFile; fileRef = 04EA3BAC1EE6584E00CB0707 /* Main.storyboard */; };
		04EA3BB01EE6584E00CB0707 /* Assets.xcassets in Resources */ = {isa = PBXBuildFile; fileRef = 04EA3BAF1EE6584E00CB0707 /* Assets.xcassets */; };
		04EA3BB31EE6584E00CB0707 /* LaunchScreen.storyboard in Resources */ = {isa = PBXBuildFile; fileRef = 04EA3BB11EE6584E00CB0707 /* LaunchScreen.storyboard */; };
		04EA3BBB1EE6587200CB0707 /* ViewController2.swift in Sources */ = {isa = PBXBuildFile; fileRef = 04EA3BBA1EE6587200CB0707 /* ViewController2.swift */; };
		04EA3BBD1EE65A8B00CB0707 /* Transition_Manager.swift in Sources */ = {isa = PBXBuildFile; fileRef = 04EA3BBC1EE65A8B00CB0707 /* Transition_Manager.swift */; };
/* End PBXBuildFile section */

/* Begin PBXFileReference section */
		04EA3BA51EE6584E00CB0707 /* mimic_transition.app */ = {isa = PBXFileReference; explicitFileType = wrapper.application; includeInIndex = 0; path = mimic_transition.app; sourceTree = BUILT_PRODUCTS_DIR; };
		04EA3BA81EE6584E00CB0707 /* AppDelegate.swift */ = {isa = PBXFileReference; lastKnownFileType = sourcecode.swift; path = AppDelegate.swift; sourceTree = "<group>"; };
		04EA3BAA1EE6584E00CB0707 /* ViewController.swift */ = {isa = PBXFileReference; lastKnownFileType = sourcecode.swift; path = ViewController.swift; sourceTree = "<group>"; };
		04EA3BAD1EE6584E00CB0707 /* Base */ = {isa = PBXFileReference; lastKnownFileType = file.storyboard; name = Base; path = Base.lproj/Main.storyboard; sourceTree = "<group>"; };
		04EA3BAF1EE6584E00CB0707 /* Assets.xcassets */ = {isa = PBXFileReference; lastKnownFileType = folder.assetcatalog; path = Assets.xcassets; sourceTree = "<group>"; };
		04EA3BB21EE6584E00CB0707 /* Base */ = {isa = PBXFileReference; lastKnownFileType = file.storyboard; name = Base; path = Base.lproj/LaunchScreen.storyboard; sourceTree = "<group>"; };
		04EA3BB41EE6584E00CB0707 /* Info.plist */ = {isa = PBXFileReference; lastKnownFileType = text.plist.xml; path = Info.plist; sourceTree = "<group>"; };
		04EA3BBA1EE6587200CB0707 /* ViewController2.swift */ = {isa = PBXFileReference; fileEncoding = 4; lastKnownFileType = sourcecode.swift; path = ViewController2.swift; sourceTree = "<group>"; };
		04EA3BBC1EE65A8B00CB0707 /* Transition_Manager.swift */ = {isa = PBXFileReference; fileEncoding = 4; lastKnownFileType = sourcecode.swift; path = Transition_Manager.swift; sourceTree = "<group>"; };
/* End PBXFileReference section */

/* Begin PBXFrameworksBuildPhase section */
		04EA3BA21EE6584E00CB0707 /* Frameworks */ = {
			isa = PBXFrameworksBuildPhase;
			buildActionMask = 2147483647;
			files = (
			);
			runOnlyForDeploymentPostprocessing = 0;
		};
/* End PBXFrameworksBuildPhase section */

/* Begin PBXGroup section */
		04EA3B9C1EE6584E00CB0707 = {
			isa = PBXGroup;
			children = (
				04EA3BA71EE6584E00CB0707 /* mimic_transition */,
				04EA3BA61EE6584E00CB0707 /* Products */,
			);
			sourceTree = "<group>";
		};
		04EA3BA61EE6584E00CB0707 /* Products */ = {
			isa = PBXGroup;
			children = (
				04EA3BA51EE6584E00CB0707 /* mimic_transition.app */,
			);
			name = Products;
			sourceTree = "<group>";
		};
		04EA3BA71EE6584E00CB0707 /* mimic_transition */ = {
			isa = PBXGroup;
			children = (
				04EA3BA81EE6584E00CB0707 /* AppDelegate.swift */,
				04EA3BAA1EE6584E00CB0707 /* ViewController.swift */,
				04EA3BBA1EE6587200CB0707 /* ViewController2.swift */,
				04EA3BAC1EE6584E00CB0707 /* Main.storyboard */,
				04EA3BAF1EE6584E00CB0707 /* Assets.xcassets */,
				04EA3BB11EE6584E00CB0707 /* LaunchScreen.storyboard */,
				04EA3BB41EE6584E00CB0707 /* Info.plist */,
				04EA3BBC1EE65A8B00CB0707 /* Transition_Manager.swift */,
			);
			path = mimic_transition;
			sourceTree = "<group>";
		};
/* End PBXGroup section */

/* Begin PBXNativeTarget section */
		04EA3BA41EE6584E00CB0707 /* mimic_transition */ = {
			isa = PBXNativeTarget;
			buildConfigurationList = 04EA3BB71EE6584E00CB0707 /* Build configuration list for PBXNativeTarget "mimic_transition" */;
			buildPhases = (
				04EA3BA11EE6584E00CB0707 /* Sources */,
				04EA3BA21EE6584E00CB0707 /* Frameworks */,
				04EA3BA31EE6584E00CB0707 /* Resources */,
			);
			buildRules = (
			);
			dependencies = (
			);
			name = mimic_transition;
			productName = mimic_transition;
			productReference = 04EA3BA51EE6584E00CB0707 /* mimic_transition.app */;
			productType = "com.apple.product-type.application";
		};
/* End PBXNativeTarget section */

/* Begin PBXProject section */
		04EA3B9D1EE6584E00CB0707 /* Project object */ = {
			isa = PBXProject;
			attributes = {
				LastSwiftUpdateCheck = 0830;
				LastUpgradeCheck = 0830;
				ORGANIZATIONNAME = changname;
				TargetAttributes = {
					04EA3BA41EE6584E00CB0707 = {
						CreatedOnToolsVersion = 8.3.2;
						DevelopmentTeam = V7466QEVQE;
						ProvisioningStyle = Automatic;
					};
				};
			};
			buildConfigurationList = 04EA3BA01EE6584E00CB0707 /* Build configuration list for PBXProject "mimic_transition" */;
			compatibilityVersion = "Xcode 3.2";
			developmentRegion = English;
			hasScannedForEncodings = 0;
			knownRegions = (
				en,
				Base,
			);
			mainGroup = 04EA3B9C1EE6584E00CB0707;
			productRefGroup = 04EA3BA61EE6584E00CB0707 /* Products */;
			projectDirPath = "";
			projectRoot = "";
			targets = (
				04EA3BA41EE6584E00CB0707 /* mimic_transition */,
			);
		};
/* End PBXProject section */

/* Begin PBXResourcesBuildPhase section */
		04EA3BA31EE6584E00CB0707 /* Resources */ = {
			isa = PBXResourcesBuildPhase;
			buildActionMask = 2147483647;
			files = (
				04EA3BB31EE6584E00CB0707 /* LaunchScreen.storyboard in Resources */,
				04EA3BB01EE6584E00CB0707 /* Assets.xcassets in Resources */,
				04EA3BAE1EE6584E00CB0707 /* Main.storyboard in Resources */,
			);
			runOnlyForDeploymentPostprocessing = 0;
		};
/* End PBXResourcesBuildPhase section */

/* Begin PBXSourcesBuildPhase section */
		04EA3BA11EE6584E00CB0707 /* Sources */ = {
			isa = PBXSourcesBuildPhase;
			buildActionMask = 2147483647;
			files = (
				04EA3BBD1EE65A8B00CB0707 /* Transition_Manager.swift in Sources */,
				04EA3BAB1EE6584E00CB0707 /* ViewController.swift in Sources */,
				04EA3BA91EE6584E00CB0707 /* AppDelegate.swift in Sources */,
				04EA3BBB1EE6587200CB0707 /* ViewController2.swift in Sources */,
			);
			runOnlyForDeploymentPostprocessing = 0;
		};
/* End PBXSourcesBuildPhase section */

/* Begin PBXVariantGroup section */
		04EA3BAC1EE6584E00CB0707 /* Main.storyboard */ = {
			isa = PBXVariantGroup;
			children = (
				04EA3BAD1EE6584E00CB0707 /* Base */,
			);
			name = Main.storyboard;
			sourceTree = "<group>";
		};
		04EA3BB11EE6584E00CB0707 /* LaunchScreen.storyboard */ = {
			isa = PBXVariantGroup;
			children = (
				04EA3BB21EE6584E00CB0707 /* Base */,
			);
			name = LaunchScreen.storyboard;
			sourceTree = "<group>";
		};
/* End PBXVariantGroup section */

/* Begin XCBuildConfiguration section */
		04EA3BB51EE6584E00CB0707 /* Debug */ = {
			isa = XCBuildConfiguration;
			buildSettings = {
				ALWAYS_SEARCH_USER_PATHS = NO;
				CLANG_ANALYZER_NONNULL = YES;
				CLANG_ANALYZER_NUMBER_OBJECT_CONVERSION = YES_AGGRESSIVE;
				CLANG_CXX_LANGUAGE_STANDARD = "gnu++0x";
				CLANG_CXX_LIBRARY = "libc++";
				CLANG_ENABLE_MODULES = YES;
				CLANG_ENABLE_OBJC_ARC = YES;
				CLANG_WARN_BOOL_CONVERSION = YES;
				CLANG_WARN_CONSTANT_CONVERSION = YES;
				CLANG_WARN_DIRECT_OBJC_ISA_USAGE = YES_ERROR;
				CLANG_WARN_DOCUMENTATION_COMMENTS = YES;
				CLANG_WARN_EMPTY_BODY = YES;
				CLANG_WARN_ENUM_CONVERSION = YES;
				CLANG_WARN_INFINITE_RECURSION = YES;
				CLANG_WARN_INT_CONVERSION = YES;
				CLANG_WARN_OBJC_ROOT_CLASS = YES_ERROR;
				CLANG_WARN_SUSPICIOUS_MOVE = YES;
				CLANG_WARN_UNREACHABLE_CODE = YES;
				CLANG_WARN__DUPLICATE_METHOD_MATCH = YES;
				"CODE_SIGN_IDENTITY[sdk=iphoneos*]" = "iPhone Developer";
				COPY_PHASE_STRIP = NO;
				DEBUG_INFORMATION_FORMAT = dwarf;
				ENABLE_STRICT_OBJC_MSGSEND = YES;
				ENABLE_TESTABILITY = YES;
				GCC_C_LANGUAGE_STANDARD = gnu99;
				GCC_DYNAMIC_NO_PIC = NO;
				GCC_NO_COMMON_BLOCKS = YES;
				GCC_OPTIMIZATION_LEVEL = 0;
				GCC_PREPROCESSOR_DEFINITIONS = (
					"DEBUG=1",
					"$(inherited)",
				);
				GCC_WARN_64_TO_32_BIT_CONVERSION = YES;
				GCC_WARN_ABOUT_RETURN_TYPE = YES_ERROR;
				GCC_WARN_UNDECLARED_SELECTOR = YES;
				GCC_WARN_UNINITIALIZED_AUTOS = YES_AGGRESSIVE;
				GCC_WARN_UNUSED_FUNCTION = YES;
				GCC_WARN_UNUSED_VARIABLE = YES;
				IPHONEOS_DEPLOYMENT_TARGET = 10.3;
				MTL_ENABLE_DEBUG_INFO = YES;
				ONLY_ACTIVE_ARCH = YES;
				SDKROOT = iphoneos;
				SWIFT_ACTIVE_COMPILATION_CONDITIONS = DEBUG;
				SWIFT_OPTIMIZATION_LEVEL = "-Onone";
			};
			name = Debug;
		};
		04EA3BB61EE6584E00CB0707 /* Release */ = {
			isa = XCBuildConfiguration;
			buildSettings = {
				ALWAYS_SEARCH_USER_PATHS = NO;
				CLANG_ANALYZER_NONNULL = YES;
				CLANG_ANALYZER_NUMBER_OBJECT_CONVERSION = YES_AGGRESSIVE;
				CLANG_CXX_LANGUAGE_STANDARD = "gnu++0x";
				CLANG_CXX_LIBRARY = "libc++";
				CLANG_ENABLE_MODULES = YES;
				CLANG_ENABLE_OBJC_ARC = YES;
				CLANG_WARN_BOOL_CONVERSION = YES;
				CLANG_WARN_CONSTANT_CONVERSION = YES;
				CLANG_WARN_DIRECT_OBJC_ISA_USAGE = YES_ERROR;
				CLANG_WARN_DOCUMENTATION_COMMENTS = YES;
				CLANG_WARN_EMPTY_BODY = YES;
				CLANG_WARN_ENUM_CONVERSION = YES;
				CLANG_WARN_INFINITE_RECURSION = YES;
				CLANG_WARN_INT_CONVERSION = YES;
				CLANG_WARN_OBJC_ROOT_CLASS = YES_ERROR;
				CLANG_WARN_SUSPICIOUS_MOVE = YES;
				CLANG_WARN_UNREACHABLE_CODE = YES;
				CLANG_WARN__DUPLICATE_METHOD_MATCH = YES;
				"CODE_SIGN_IDENTITY[sdk=iphoneos*]" = "iPhone Developer";
				COPY_PHASE_STRIP = NO;
				DEBUG_INFORMATION_FORMAT = "dwarf-with-dsym";
				ENABLE_NS_ASSERTIONS = NO;
				ENABLE_STRICT_OBJC_MSGSEND = YES;
				GCC_C_LANGUAGE_STANDARD = gnu99;
				GCC_NO_COMMON_BLOCKS = YES;
				GCC_WARN_64_TO_32_BIT_CONVERSION = YES;
				GCC_WARN_ABOUT_RETURN_TYPE = YES_ERROR;
				GCC_WARN_UNDECLARED_SELECTOR = YES;
				GCC_WARN_UNINITIALIZED_AUTOS = YES_AGGRESSIVE;
				GCC_WARN_UNUSED_FUNCTION = YES;
				GCC_WARN_UNUSED_VARIABLE = YES;
				IPHONEOS_DEPLOYMENT_TARGET = 10.3;
				MTL_ENABLE_DEBUG_INFO = NO;
				SDKROOT = iphoneos;
				SWIFT_OPTIMIZATION_LEVEL = "-Owholemodule";
				VALIDATE_PRODUCT = YES;
			};
			name = Release;
		};
		04EA3BB81EE6584E00CB0707 /* Debug */ = {
			isa = XCBuildConfiguration;
			buildSettings = {
				ASSETCATALOG_COMPILER_APPICON_NAME = AppIcon;
				DEVELOPMENT_TEAM = V7466QEVQE;
				INFOPLIST_FILE = mimic_transition/Info.plist;
				LD_RUNPATH_SEARCH_PATHS = "$(inherited) @executable_path/Frameworks";
				PRODUCT_BUNDLE_IDENTIFIER = "chang.mimic-transition";
				PRODUCT_NAME = "$(TARGET_NAME)";
				SWIFT_VERSION = 3.0;
			};
			name = Debug;
		};
		04EA3BB91EE6584E00CB0707 /* Release */ = {
			isa = XCBuildConfiguration;
			buildSettings = {
				ASSETCATALOG_COMPILER_APPICON_NAME = AppIcon;
				DEVELOPMENT_TEAM = V7466QEVQE;
				INFOPLIST_FILE = mimic_transition/Info.plist;
				LD_RUNPATH_SEARCH_PATHS = "$(inherited) @executable_path/Frameworks";
				PRODUCT_BUNDLE_IDENTIFIER = "chang.mimic-transition";
				PRODUCT_NAME = "$(TARGET_NAME)";
				SWIFT_VERSION = 3.0;
			};
			name = Release;
		};
/* End XCBuildConfiguration section */

/* Begin XCConfigurationList section */
		04EA3BA01EE6584E00CB0707 /* Build configuration list for PBXProject "mimic_transition" */ = {
			isa = XCConfigurationList;
			buildConfigurations = (
				04EA3BB51EE6584E00CB0707 /* Debug */,
				04EA3BB61EE6584E00CB0707 /* Release */,
			);
			defaultConfigurationIsVisible = 0;
			defaultConfigurationName = Release;
		};
		04EA3BB71EE6584E00CB0707 /* Build configuration list for PBXNativeTarget "mimic_transition" */ = {
			isa = XCConfigurationList;
			buildConfigurations = (
				04EA3BB81EE6584E00CB0707 /* Debug */,
				04EA3BB91EE6584E00CB0707 /* Release */,
			);
			defaultConfigurationIsVisible = 0;
		};
/* End XCConfigurationList section */
	};
	rootObject = 04EA3B9D1EE6584E00CB0707 /* Project object */;
}
